
Microsoft Visual Studio Solution File, Format Version 12.00
# Visual Studio Version 17
VisualStudioVersion = 17.5.002.0
MinimumVisualStudioVersion = 10.0.40219.1
Project("{9A19103F-16F7-4668-BE54-9A1E7A4F7556}") = "NinetiesTV", "NinetiesTV.csproj", "{4A4C5D04-8541-40D5-B9C5-B425FCE83DE8}"
EndProject
Global
	GlobalSection(SolutionConfigurationPlatforms) = preSolution
		Debug|Any CPU = Debug|Any CPU
		Release|Any CPU = Release|Any CPU
	EndGlobalSection
	GlobalSection(ProjectConfigurationPlatforms) = postSolution
		{4A4C5D04-8541-40D5-B9C5-B425FCE83DE8}.Debug|Any CPU.ActiveCfg = Debug|Any CPU
		{4A4C5D04-8541-40D5-B9C5-B425FCE83DE8}.Debug|Any CPU.Build.0 = Debug|Any CPU
		{4A4C5D04-8541-40D5-B9C5-B425FCE83DE8}.Release|Any CPU.ActiveCfg = Release|Any CPU
		{4A4C5D04-8541-40D5-B9C5-B425FCE83DE8}.Release|Any CPU.Build.0 = Release|Any CPU
	EndGlobalSection
	GlobalSection(SolutionProperties) = preSolution
		HideSolutionNode = FALSE
	EndGlobalSection
	GlobalSection(ExtensibilityGlobals) = postSolution
		SolutionGuid = {014446BA-661E-4847-BAB7-8ED12B102065}
	EndGlobalSection
EndGlobal
